
Microsoft Visual Studio Solution File, Format Version 12.00
# Visual Studio Version 16
VisualStudioVersion = 16.0.28917.181
MinimumVisualStudioVersion = 15.0.26124.0
Project("{9A19103F-16F7-4668-BE54-9A1E7A4F7556}") = "PIK.Launcher", "PIK.Launcher.csproj", "{62E13C64-B236-4D89-814A-49A71AEF1EE8}"
EndProject
Project("{9A19103F-16F7-4668-BE54-9A1E7A4F7556}") = "PIK.Launcher.Test", "PIK.Launcher.Test\PIK.Launcher.Test.csproj", "{BACB2B4B-8A45-4744-90B8-66F39201EA23}"
EndProject
Project("{9A19103F-16F7-4668-BE54-9A1E7A4F7556}") = "Server.Lib", "..\Assembler\Server.Lib\Server.Lib.csproj", "{49E0607C-D957-4FA4-A0DF-D0DD80527B2F}"
EndProject
Global
	GlobalSection(SolutionConfigurationPlatforms) = preSolution
		Debug|Any CPU = Debug|Any CPU
		Debug|x64 = Debug|x64
		Debug|x86 = Debug|x86
		Release|Any CPU = Release|Any CPU
		Release|x64 = Release|x64
		Release|x86 = Release|x86
	EndGlobalSection
	GlobalSection(ProjectConfigurationPlatforms) = postSolution
		{62E13C64-B236-4D89-814A-49A71AEF1EE8}.Debug|Any CPU.ActiveCfg = Debug|Any CPU
		{62E13C64-B236-4D89-814A-49A71AEF1EE8}.Debug|Any CPU.Build.0 = Debug|Any CPU
		{62E13C64-B236-4D89-814A-49A71AEF1EE8}.Debug|x64.ActiveCfg = Debug|Any CPU
		{62E13C64-B236-4D89-814A-49A71AEF1EE8}.Debug|x64.Build.0 = Debug|Any CPU
		{62E13C64-B236-4D89-814A-49A71AEF1EE8}.Debug|x86.ActiveCfg = Debug|Any CPU
		{62E13C64-B236-4D89-814A-49A71AEF1EE8}.Debug|x86.Build.0 = Debug|Any CPU
		{62E13C64-B236-4D89-814A-49A71AEF1EE8}.Release|Any CPU.ActiveCfg = Release|Any CPU
		{62E13C64-B236-4D89-814A-49A71AEF1EE8}.Release|Any CPU.Build.0 = Release|Any CPU
		{62E13C64-B236-4D89-814A-49A71AEF1EE8}.Release|x64.ActiveCfg = Release|Any CPU
		{62E13C64-B236-4D89-814A-49A71AEF1EE8}.Release|x64.Build.0 = Release|Any CPU
		{62E13C64-B236-4D89-814A-49A71AEF1EE8}.Release|x86.ActiveCfg = Release|Any CPU
		{62E13C64-B236-4D89-814A-49A71AEF1EE8}.Release|x86.Build.0 = Release|Any CPU
		{BACB2B4B-8A45-4744-90B8-66F39201EA23}.Debug|Any CPU.ActiveCfg = Debug|Any CPU
		{BACB2B4B-8A45-4744-90B8-66F39201EA23}.Debug|x64.ActiveCfg = Debug|Any CPU
		{BACB2B4B-8A45-4744-90B8-66F39201EA23}.Debug|x64.Build.0 = Debug|Any CPU
		{BACB2B4B-8A45-4744-90B8-66F39201EA23}.Debug|x86.ActiveCfg = Debug|Any CPU
		{BACB2B4B-8A45-4744-90B8-66F39201EA23}.Debug|x86.Build.0 = Debug|Any CPU
		{BACB2B4B-8A45-4744-90B8-66F39201EA23}.Release|Any CPU.ActiveCfg = Release|Any CPU
		{BACB2B4B-8A45-4744-90B8-66F39201EA23}.Release|Any CPU.Build.0 = Release|Any CPU
		{BACB2B4B-8A45-4744-90B8-66F39201EA23}.Release|x64.ActiveCfg = Release|Any CPU
		{BACB2B4B-8A45-4744-90B8-66F39201EA23}.Release|x64.Build.0 = Release|Any CPU
		{BACB2B4B-8A45-4744-90B8-66F39201EA23}.Release|x86.ActiveCfg = Release|Any CPU
		{BACB2B4B-8A45-4744-90B8-66F39201EA23}.Release|x86.Build.0 = Release|Any CPU
		{49E0607C-D957-4FA4-A0DF-D0DD80527B2F}.Debug|Any CPU.ActiveCfg = Debug|Any CPU
		{49E0607C-D957-4FA4-A0DF-D0DD80527B2F}.Debug|Any CPU.Build.0 = Debug|Any CPU
		{49E0607C-D957-4FA4-A0DF-D0DD80527B2F}.Debug|x64.ActiveCfg = Debug|Any CPU
		{49E0607C-D957-4FA4-A0DF-D0DD80527B2F}.Debug|x64.Build.0 = Debug|Any CPU
		{49E0607C-D957-4FA4-A0DF-D0DD80527B2F}.Debug|x86.ActiveCfg = Debug|Any CPU
		{49E0607C-D957-4FA4-A0DF-D0DD80527B2F}.Debug|x86.Build.0 = Debug|Any CPU
		{49E0607C-D957-4FA4-A0DF-D0DD80527B2F}.Release|Any CPU.ActiveCfg = Release|Any CPU
		{49E0607C-D957-4FA4-A0DF-D0DD80527B2F}.Release|Any CPU.Build.0 = Release|Any CPU
		{49E0607C-D957-4FA4-A0DF-D0DD80527B2F}.Release|x64.ActiveCfg = Release|Any CPU
		{49E0607C-D957-4FA4-A0DF-D0DD80527B2F}.Release|x64.Build.0 = Release|Any CPU
		{49E0607C-D957-4FA4-A0DF-D0DD80527B2F}.Release|x86.ActiveCfg = Release|Any CPU
		{49E0607C-D957-4FA4-A0DF-D0DD80527B2F}.Release|x86.Build.0 = Release|Any CPU
	EndGlobalSection
	GlobalSection(SolutionProperties) = preSolution
		HideSolutionNode = FALSE
	EndGlobalSection
	GlobalSection(ExtensibilityGlobals) = postSolution
		SolutionGuid = {E0D00A60-6A95-4AD7-B9D9-601158642FF3}
	EndGlobalSection
EndGlobal
